
Microsoft Visual Studio Solution File, Format Version 12.00
# Visual Studio Version 16
Project("{2150E333-8FDC-42A3-9474-1A3956D46DE8}") = "CMakePredefinedTargets", "CMakePredefinedTargets", "{BB197F3A-744D-373D-A13F-A7152B3B8EFE}"
EndProject
Project("{8BC9CEB8-8B4A-11D0-8D11-00A0C91BC942}") = "ALL_BUILD", "ALL_BUILD.vcxproj", "{DA01EB3F-F246-31A4-A882-E495562A9B48}"
	ProjectSection(ProjectDependencies) = postProject
		{7F42E69A-2903-352E-A52E-D34732AD8DAE} = {7F42E69A-2903-352E-A52E-D34732AD8DAE}
		{D240DA0F-2FED-32F5-955C-475466F51F9F} = {D240DA0F-2FED-32F5-955C-475466F51F9F}
	EndProjectSection
EndProject
Project("{8BC9CEB8-8B4A-11D0-8D11-00A0C91BC942}") = "INSTALL", "INSTALL.vcxproj", "{6BC6F380-143A-3AD0-9D76-BED5B4ABC4A2}"
	ProjectSection(ProjectDependencies) = postProject
		{DA01EB3F-F246-31A4-A882-E495562A9B48} = {DA01EB3F-F246-31A4-A882-E495562A9B48}
		{7F42E69A-2903-352E-A52E-D34732AD8DAE} = {7F42E69A-2903-352E-A52E-D34732AD8DAE}
	EndProjectSection
EndProject
Project("{8BC9CEB8-8B4A-11D0-8D11-00A0C91BC942}") = "ZERO_CHECK", "ZERO_CHECK.vcxproj", "{7F42E69A-2903-352E-A52E-D34732AD8DAE}"
	ProjectSection(ProjectDependencies) = postProject
	EndProjectSection
EndProject
Project("{8BC9CEB8-8B4A-11D0-8D11-00A0C91BC942}") = "tensorrt", "src\tensorrt\tensorrt.vcxproj", "{D240DA0F-2FED-32F5-955C-475466F51F9F}"
	ProjectSection(ProjectDependencies) = postProject
		{7F42E69A-2903-352E-A52E-D34732AD8DAE} = {7F42E69A-2903-352E-A52E-D34732AD8DAE}
	EndProjectSection
EndProject
Global
	GlobalSection(SolutionConfigurationPlatforms) = preSolution
		Debug|x64 = Debug|x64
		Release|x64 = Release|x64
		MinSizeRel|x64 = MinSizeRel|x64
		RelWithDebInfo|x64 = RelWithDebInfo|x64
	EndGlobalSection
	GlobalSection(ProjectConfigurationPlatforms) = postSolution
		{DA01EB3F-F246-31A4-A882-E495562A9B48}.Debug|x64.ActiveCfg = Debug|x64
		{DA01EB3F-F246-31A4-A882-E495562A9B48}.Debug|x64.Build.0 = Debug|x64
		{DA01EB3F-F246-31A4-A882-E495562A9B48}.Release|x64.ActiveCfg = Release|x64
		{DA01EB3F-F246-31A4-A882-E495562A9B48}.Release|x64.Build.0 = Release|x64
		{DA01EB3F-F246-31A4-A882-E495562A9B48}.MinSizeRel|x64.ActiveCfg = MinSizeRel|x64
		{DA01EB3F-F246-31A4-A882-E495562A9B48}.MinSizeRel|x64.Build.0 = MinSizeRel|x64
		{DA01EB3F-F246-31A4-A882-E495562A9B48}.RelWithDebInfo|x64.ActiveCfg = RelWithDebInfo|x64
		{DA01EB3F-F246-31A4-A882-E495562A9B48}.RelWithDebInfo|x64.Build.0 = RelWithDebInfo|x64
		{6BC6F380-143A-3AD0-9D76-BED5B4ABC4A2}.Debug|x64.ActiveCfg = Debug|x64
		{6BC6F380-143A-3AD0-9D76-BED5B4ABC4A2}.Release|x64.ActiveCfg = Release|x64
		{6BC6F380-143A-3AD0-9D76-BED5B4ABC4A2}.MinSizeRel|x64.ActiveCfg = MinSizeRel|x64
		{6BC6F380-143A-3AD0-9D76-BED5B4ABC4A2}.RelWithDebInfo|x64.ActiveCfg = RelWithDebInfo|x64
		{7F42E69A-2903-352E-A52E-D34732AD8DAE}.Debug|x64.ActiveCfg = Debug|x64
		{7F42E69A-2903-352E-A52E-D34732AD8DAE}.Debug|x64.Build.0 = Debug|x64
		{7F42E69A-2903-352E-A52E-D34732AD8DAE}.Release|x64.ActiveCfg = Release|x64
		{7F42E69A-2903-352E-A52E-D34732AD8DAE}.Release|x64.Build.0 = Release|x64
		{7F42E69A-2903-352E-A52E-D34732AD8DAE}.MinSizeRel|x64.ActiveCfg = MinSizeRel|x64
		{7F42E69A-2903-352E-A52E-D34732AD8DAE}.MinSizeRel|x64.Build.0 = MinSizeRel|x64
		{7F42E69A-2903-352E-A52E-D34732AD8DAE}.RelWithDebInfo|x64.ActiveCfg = RelWithDebInfo|x64
		{7F42E69A-2903-352E-A52E-D34732AD8DAE}.RelWithDebInfo|x64.Build.0 = RelWithDebInfo|x64
		{D240DA0F-2FED-32F5-955C-475466F51F9F}.Debug|x64.ActiveCfg = Debug|x64
		{D240DA0F-2FED-32F5-955C-475466F51F9F}.Debug|x64.Build.0 = Debug|x64
		{D240DA0F-2FED-32F5-955C-475466F51F9F}.Release|x64.ActiveCfg = Release|x64
		{D240DA0F-2FED-32F5-955C-475466F51F9F}.Release|x64.Build.0 = Release|x64
		{D240DA0F-2FED-32F5-955C-475466F51F9F}.MinSizeRel|x64.ActiveCfg = MinSizeRel|x64
		{D240DA0F-2FED-32F5-955C-475466F51F9F}.MinSizeRel|x64.Build.0 = MinSizeRel|x64
		{D240DA0F-2FED-32F5-955C-475466F51F9F}.RelWithDebInfo|x64.ActiveCfg = RelWithDebInfo|x64
		{D240DA0F-2FED-32F5-955C-475466F51F9F}.RelWithDebInfo|x64.Build.0 = RelWithDebInfo|x64
	EndGlobalSection
	GlobalSection(NestedProjects) = preSolution
		{DA01EB3F-F246-31A4-A882-E495562A9B48} = {BB197F3A-744D-373D-A13F-A7152B3B8EFE}
		{6BC6F380-143A-3AD0-9D76-BED5B4ABC4A2} = {BB197F3A-744D-373D-A13F-A7152B3B8EFE}
		{7F42E69A-2903-352E-A52E-D34732AD8DAE} = {BB197F3A-744D-373D-A13F-A7152B3B8EFE}
	EndGlobalSection
	GlobalSection(ExtensibilityGlobals) = postSolution
		SolutionGuid = {E165E015-05D9-3813-A543-5008CED301B7}
	EndGlobalSection
	GlobalSection(ExtensibilityAddIns) = postSolution
	EndGlobalSection
EndGlobal
