
Microsoft Visual Studio Solution File, Format Version 12.00
# Visual Studio Version 16
Project("{2150E333-8FDC-42A3-9474-1A3956D46DE8}") = "CMakePredefinedTargets", "CMakePredefinedTargets", "{BB197F3A-744D-373D-A13F-A7152B3B8EFE}"
EndProject
Project("{2150E333-8FDC-42A3-9474-1A3956D46DE8}") = "apps", "apps", "{02DFB9CE-EB2E-3A68-945A-8A2736612876}"
EndProject
Project("{8BC9CEB8-8B4A-11D0-8D11-00A0C91BC942}") = "ALL_BUILD", "ALL_BUILD.vcxproj", "{DA01EB3F-F246-31A4-A882-E495562A9B48}"
	ProjectSection(ProjectDependencies) = postProject
		{7F42E69A-2903-352E-A52E-D34732AD8DAE} = {7F42E69A-2903-352E-A52E-D34732AD8DAE}
		{D8A88E03-8954-3A31-B368-C445E99F8FF7} = {D8A88E03-8954-3A31-B368-C445E99F8FF7}
		{E5331282-B5DB-331F-96FE-F55ECABBCC87} = {E5331282-B5DB-331F-96FE-F55ECABBCC87}
		{DF29486F-98BE-3E89-996E-B0FDA0F6697E} = {DF29486F-98BE-3E89-996E-B0FDA0F6697E}
	EndProjectSection
EndProject
Project("{8BC9CEB8-8B4A-11D0-8D11-00A0C91BC942}") = "INSTALL", "INSTALL.vcxproj", "{6BC6F380-143A-3AD0-9D76-BED5B4ABC4A2}"
	ProjectSection(ProjectDependencies) = postProject
		{DA01EB3F-F246-31A4-A882-E495562A9B48} = {DA01EB3F-F246-31A4-A882-E495562A9B48}
		{7F42E69A-2903-352E-A52E-D34732AD8DAE} = {7F42E69A-2903-352E-A52E-D34732AD8DAE}
	EndProjectSection
EndProject
Project("{8BC9CEB8-8B4A-11D0-8D11-00A0C91BC942}") = "ZERO_CHECK", "ZERO_CHECK.vcxproj", "{7F42E69A-2903-352E-A52E-D34732AD8DAE}"
	ProjectSection(ProjectDependencies) = postProject
	EndProjectSection
EndProject
Project("{8BC9CEB8-8B4A-11D0-8D11-00A0C91BC942}") = "tensorrt_tool", "src\tensorrt\tensorrt_tool.vcxproj", "{D8A88E03-8954-3A31-B368-C445E99F8FF7}"
	ProjectSection(ProjectDependencies) = postProject
		{7F42E69A-2903-352E-A52E-D34732AD8DAE} = {7F42E69A-2903-352E-A52E-D34732AD8DAE}
	EndProjectSection
EndProject
Project("{8BC9CEB8-8B4A-11D0-8D11-00A0C91BC942}") = "test_yolo", "apps\test_yolo.vcxproj", "{E5331282-B5DB-331F-96FE-F55ECABBCC87}"
	ProjectSection(ProjectDependencies) = postProject
		{7F42E69A-2903-352E-A52E-D34732AD8DAE} = {7F42E69A-2903-352E-A52E-D34732AD8DAE}
		{DF29486F-98BE-3E89-996E-B0FDA0F6697E} = {DF29486F-98BE-3E89-996E-B0FDA0F6697E}
	EndProjectSection
EndProject
Project("{8BC9CEB8-8B4A-11D0-8D11-00A0C91BC942}") = "yolo_detector", "src\detector\yolo_detector.vcxproj", "{DF29486F-98BE-3E89-996E-B0FDA0F6697E}"
	ProjectSection(ProjectDependencies) = postProject
		{7F42E69A-2903-352E-A52E-D34732AD8DAE} = {7F42E69A-2903-352E-A52E-D34732AD8DAE}
		{D8A88E03-8954-3A31-B368-C445E99F8FF7} = {D8A88E03-8954-3A31-B368-C445E99F8FF7}
	EndProjectSection
EndProject
Global
	GlobalSection(SolutionConfigurationPlatforms) = preSolution
		Debug|x64 = Debug|x64
		Release|x64 = Release|x64
		MinSizeRel|x64 = MinSizeRel|x64
		RelWithDebInfo|x64 = RelWithDebInfo|x64
	EndGlobalSection
	GlobalSection(ProjectConfigurationPlatforms) = postSolution
		{DA01EB3F-F246-31A4-A882-E495562A9B48}.Debug|x64.ActiveCfg = Debug|x64
		{DA01EB3F-F246-31A4-A882-E495562A9B48}.Debug|x64.Build.0 = Debug|x64
		{DA01EB3F-F246-31A4-A882-E495562A9B48}.Release|x64.ActiveCfg = Release|x64
		{DA01EB3F-F246-31A4-A882-E495562A9B48}.Release|x64.Build.0 = Release|x64
		{DA01EB3F-F246-31A4-A882-E495562A9B48}.MinSizeRel|x64.ActiveCfg = MinSizeRel|x64
		{DA01EB3F-F246-31A4-A882-E495562A9B48}.MinSizeRel|x64.Build.0 = MinSizeRel|x64
		{DA01EB3F-F246-31A4-A882-E495562A9B48}.RelWithDebInfo|x64.ActiveCfg = RelWithDebInfo|x64
		{DA01EB3F-F246-31A4-A882-E495562A9B48}.RelWithDebInfo|x64.Build.0 = RelWithDebInfo|x64
		{6BC6F380-143A-3AD0-9D76-BED5B4ABC4A2}.Debug|x64.ActiveCfg = Debug|x64
		{6BC6F380-143A-3AD0-9D76-BED5B4ABC4A2}.Release|x64.ActiveCfg = Release|x64
		{6BC6F380-143A-3AD0-9D76-BED5B4ABC4A2}.MinSizeRel|x64.ActiveCfg = MinSizeRel|x64
		{6BC6F380-143A-3AD0-9D76-BED5B4ABC4A2}.RelWithDebInfo|x64.ActiveCfg = RelWithDebInfo|x64
		{7F42E69A-2903-352E-A52E-D34732AD8DAE}.Debug|x64.ActiveCfg = Debug|x64
		{7F42E69A-2903-352E-A52E-D34732AD8DAE}.Debug|x64.Build.0 = Debug|x64
		{7F42E69A-2903-352E-A52E-D34732AD8DAE}.Release|x64.ActiveCfg = Release|x64
		{7F42E69A-2903-352E-A52E-D34732AD8DAE}.Release|x64.Build.0 = Release|x64
		{7F42E69A-2903-352E-A52E-D34732AD8DAE}.MinSizeRel|x64.ActiveCfg = MinSizeRel|x64
		{7F42E69A-2903-352E-A52E-D34732AD8DAE}.MinSizeRel|x64.Build.0 = MinSizeRel|x64
		{7F42E69A-2903-352E-A52E-D34732AD8DAE}.RelWithDebInfo|x64.ActiveCfg = RelWithDebInfo|x64
		{7F42E69A-2903-352E-A52E-D34732AD8DAE}.RelWithDebInfo|x64.Build.0 = RelWithDebInfo|x64
		{D8A88E03-8954-3A31-B368-C445E99F8FF7}.Debug|x64.ActiveCfg = Debug|x64
		{D8A88E03-8954-3A31-B368-C445E99F8FF7}.Debug|x64.Build.0 = Debug|x64
		{D8A88E03-8954-3A31-B368-C445E99F8FF7}.Release|x64.ActiveCfg = Release|x64
		{D8A88E03-8954-3A31-B368-C445E99F8FF7}.Release|x64.Build.0 = Release|x64
		{D8A88E03-8954-3A31-B368-C445E99F8FF7}.MinSizeRel|x64.ActiveCfg = MinSizeRel|x64
		{D8A88E03-8954-3A31-B368-C445E99F8FF7}.MinSizeRel|x64.Build.0 = MinSizeRel|x64
		{D8A88E03-8954-3A31-B368-C445E99F8FF7}.RelWithDebInfo|x64.ActiveCfg = RelWithDebInfo|x64
		{D8A88E03-8954-3A31-B368-C445E99F8FF7}.RelWithDebInfo|x64.Build.0 = RelWithDebInfo|x64
		{E5331282-B5DB-331F-96FE-F55ECABBCC87}.Debug|x64.ActiveCfg = Debug|x64
		{E5331282-B5DB-331F-96FE-F55ECABBCC87}.Debug|x64.Build.0 = Debug|x64
		{E5331282-B5DB-331F-96FE-F55ECABBCC87}.Release|x64.ActiveCfg = Release|x64
		{E5331282-B5DB-331F-96FE-F55ECABBCC87}.Release|x64.Build.0 = Release|x64
		{E5331282-B5DB-331F-96FE-F55ECABBCC87}.MinSizeRel|x64.ActiveCfg = MinSizeRel|x64
		{E5331282-B5DB-331F-96FE-F55ECABBCC87}.MinSizeRel|x64.Build.0 = MinSizeRel|x64
		{E5331282-B5DB-331F-96FE-F55ECABBCC87}.RelWithDebInfo|x64.ActiveCfg = RelWithDebInfo|x64
		{E5331282-B5DB-331F-96FE-F55ECABBCC87}.RelWithDebInfo|x64.Build.0 = RelWithDebInfo|x64
		{DF29486F-98BE-3E89-996E-B0FDA0F6697E}.Debug|x64.ActiveCfg = Debug|x64
		{DF29486F-98BE-3E89-996E-B0FDA0F6697E}.Debug|x64.Build.0 = Debug|x64
		{DF29486F-98BE-3E89-996E-B0FDA0F6697E}.Release|x64.ActiveCfg = Release|x64
		{DF29486F-98BE-3E89-996E-B0FDA0F6697E}.Release|x64.Build.0 = Release|x64
		{DF29486F-98BE-3E89-996E-B0FDA0F6697E}.MinSizeRel|x64.ActiveCfg = MinSizeRel|x64
		{DF29486F-98BE-3E89-996E-B0FDA0F6697E}.MinSizeRel|x64.Build.0 = MinSizeRel|x64
		{DF29486F-98BE-3E89-996E-B0FDA0F6697E}.RelWithDebInfo|x64.ActiveCfg = RelWithDebInfo|x64
		{DF29486F-98BE-3E89-996E-B0FDA0F6697E}.RelWithDebInfo|x64.Build.0 = RelWithDebInfo|x64
	EndGlobalSection
	GlobalSection(NestedProjects) = preSolution
		{DA01EB3F-F246-31A4-A882-E495562A9B48} = {BB197F3A-744D-373D-A13F-A7152B3B8EFE}
		{6BC6F380-143A-3AD0-9D76-BED5B4ABC4A2} = {BB197F3A-744D-373D-A13F-A7152B3B8EFE}
		{7F42E69A-2903-352E-A52E-D34732AD8DAE} = {BB197F3A-744D-373D-A13F-A7152B3B8EFE}
		{E5331282-B5DB-331F-96FE-F55ECABBCC87} = {02DFB9CE-EB2E-3A68-945A-8A2736612876}
		{DF29486F-98BE-3E89-996E-B0FDA0F6697E} = {02DFB9CE-EB2E-3A68-945A-8A2736612876}
	EndGlobalSection
	GlobalSection(ExtensibilityGlobals) = postSolution
		SolutionGuid = {E165E015-05D9-3813-A543-5008CED301B7}
	EndGlobalSection
	GlobalSection(ExtensibilityAddIns) = postSolution
	EndGlobalSection
EndGlobal
